{
    "version": 3,
    "terraform_version": "0.11.2",
    "serial": 2,
    "lineage": "896ad8ed-d62c-42e5-846b-ccddb2c003fa",
    "modules": [
        {
            "path": [
                "root"
            ],
            "outputs": {
                "db-instances": {
                    "sensitive": false,
                    "type": "string",
                    "value": "10.0.1.4,10.0.1.3"
                },
                "web-instances": {
                    "sensitive": false,
                    "type": "string",
                    "value": "192.168.103.139,192.168.103.134"
                }
            },
            "resources": {
                "null_resource.ServiceProvision.0": {
                    "type": "null_resource",
                    "depends_on": [
                        "openstack_compute_floatingip_v2.fip.*",
                        "openstack_compute_instance_v2.web_cluster.*"
                    ],
                    "primary": {
                        "id": "7137134852728130583",
                        "attributes": {
                            "id": "7137134852728130583",
                            "triggers.%": "1",
                            "triggers.current_openstack_instance_id": "8a87ddcd-51ef-42d8-be28-f7b431b1f494"
                        },
                        "meta": {},
                        "tainted": false
                    },
                    "deposed": [],
                    "provider": "provider.null"
                },
                "null_resource.ServiceProvision.1": {
                    "type": "null_resource",
                    "depends_on": [
                        "openstack_compute_floatingip_v2.fip.*",
                        "openstack_compute_instance_v2.web_cluster.*"
                    ],
                    "primary": {
                        "id": "7204261581949982794",
                        "attributes": {
                            "id": "7204261581949982794",
                            "triggers.%": "1",
                            "triggers.current_openstack_instance_id": "14d9285b-409e-4329-9680-7161a84d53a4"
                        },
                        "meta": {},
                        "tainted": false
                    },
                    "deposed": [],
                    "provider": "provider.null"
                },
                "openstack_compute_floatingip_associate_v2.fip_assoc.0": {
                    "type": "openstack_compute_floatingip_associate_v2",
                    "depends_on": [
                        "openstack_compute_floatingip_v2.fip.*",
                        "openstack_compute_instance_v2.web_cluster.*"
                    ],
                    "primary": {
                        "id": "192.168.103.139/8a87ddcd-51ef-42d8-be28-f7b431b1f494/",
                        "attributes": {
                            "fixed_ip": "",
                            "floating_ip": "192.168.103.139",
                            "id": "192.168.103.139/8a87ddcd-51ef-42d8-be28-f7b431b1f494/",
                            "instance_id": "8a87ddcd-51ef-42d8-be28-f7b431b1f494",
                            "region": ""
                        },
                        "meta": {},
                        "tainted": false
                    },
                    "deposed": [],
                    "provider": "provider.openstack"
                },
                "openstack_compute_floatingip_associate_v2.fip_assoc.1": {
                    "type": "openstack_compute_floatingip_associate_v2",
                    "depends_on": [
                        "openstack_compute_floatingip_v2.fip.*",
                        "openstack_compute_instance_v2.web_cluster.*"
                    ],
                    "primary": {
                        "id": "192.168.103.134/14d9285b-409e-4329-9680-7161a84d53a4/",
                        "attributes": {
                            "fixed_ip": "",
                            "floating_ip": "192.168.103.134",
                            "id": "192.168.103.134/14d9285b-409e-4329-9680-7161a84d53a4/",
                            "instance_id": "14d9285b-409e-4329-9680-7161a84d53a4",
                            "region": ""
                        },
                        "meta": {},
                        "tainted": false
                    },
                    "deposed": [],
                    "provider": "provider.openstack"
                },
                "openstack_compute_floatingip_v2.fip.0": {
                    "type": "openstack_compute_floatingip_v2",
                    "depends_on": [],
                    "primary": {
                        "id": "dd56a3d6-7b5a-4833-9acf-2710f15cbf68",
                        "attributes": {
                            "address": "192.168.103.139",
                            "fixed_ip": "",
                            "id": "dd56a3d6-7b5a-4833-9acf-2710f15cbf68",
                            "instance_id": "",
                            "pool": "public",
                            "region": ""
                        },
                        "meta": {},
                        "tainted": false
                    },
                    "deposed": [],
                    "provider": "provider.openstack"
                },
                "openstack_compute_floatingip_v2.fip.1": {
                    "type": "openstack_compute_floatingip_v2",
                    "depends_on": [],
                    "primary": {
                        "id": "b1d72c6d-a204-4c86-8b0a-fd5f19d1bcb9",
                        "attributes": {
                            "address": "192.168.103.134",
                            "fixed_ip": "",
                            "id": "b1d72c6d-a204-4c86-8b0a-fd5f19d1bcb9",
                            "instance_id": "",
                            "pool": "public",
                            "region": ""
                        },
                        "meta": {},
                        "tainted": false
                    },
                    "deposed": [],
                    "provider": "provider.openstack"
                },
                "openstack_compute_instance_v2.db_cluster.0": {
                    "type": "openstack_compute_instance_v2",
                    "depends_on": [
                        "openstack_compute_keypair_v2.demo_keypair",
                        "openstack_compute_secgroup_v2.db_sg",
                        "openstack_compute_secgroup_v2.ssh_sg",
                        "openstack_compute_servergroup_v2.db_srvgrp",
                        "openstack_networking_network_v2.db_net"
                    ],
                    "primary": {
                        "id": "a3b7e652-7465-46f9-8153-2f2a90ee2ec1",
                        "attributes": {
                            "access_ip_v4": "10.0.1.4",
                            "access_ip_v6": "",
                            "all_metadata.%": "0",
                            "availability_zone": "nova",
                            "flavor_id": "9109561f-a134-440d-b02b-8f3ff56223ab",
                            "flavor_name": "m1.my",
                            "force_delete": "false",
                            "id": "a3b7e652-7465-46f9-8153-2f2a90ee2ec1",
                            "image_id": "82178408-8d8e-417b-915f-e62d732b40f7",
                            "image_name": "CentOS-7-GenericCloud",
                            "key_pair": "demo-keypair",
                            "name": "demo-db-1",
                            "network.#": "1",
                            "network.0.access_network": "false",
                            "network.0.fixed_ip_v4": "10.0.1.4",
                            "network.0.fixed_ip_v6": "",
                            "network.0.floating_ip": "",
                            "network.0.mac": "fa:16:3e:97:2b:dd",
                            "network.0.name": "demo-db-net",
                            "network.0.port": "",
                            "network.0.uuid": "443c20f1-f7ae-4629-a08e-0c4aa8b71367",
                            "region": "",
                            "scheduler_hints.#": "1",
                            "scheduler_hints.3612065023.build_near_host_ip": "",
                            "scheduler_hints.3612065023.different_host.#": "0",
                            "scheduler_hints.3612065023.group": "544db797-7639-42dd-ae01-de874fc856b5",
                            "scheduler_hints.3612065023.query.#": "0",
                            "scheduler_hints.3612065023.same_host.#": "0",
                            "scheduler_hints.3612065023.target_cell": "",
                            "security_groups.#": "2",
                            "security_groups.2630755899": "demo-ssh-sg",
                            "security_groups.3130815073": "demo-db-sg",
                            "stop_before_destroy": "false",
                            "user_data": "b3a5425f7ebac5a1b19d0d34418ce0a4f64a7a51"
                        },
                        "meta": {
                            "e2bfb730-ecaa-11e6-8f88-34363bc7c4c0": {
                                "create": 1800000000000,
                                "delete": 1800000000000,
                                "update": 1800000000000
                            }
                        },
                        "tainted": false
                    },
                    "deposed": [],
                    "provider": "provider.openstack"
                },
                "openstack_compute_instance_v2.db_cluster.1": {
                    "type": "openstack_compute_instance_v2",
                    "depends_on": [
                        "openstack_compute_keypair_v2.demo_keypair",
                        "openstack_compute_secgroup_v2.db_sg",
                        "openstack_compute_secgroup_v2.ssh_sg",
                        "openstack_compute_servergroup_v2.db_srvgrp",
                        "openstack_networking_network_v2.db_net"
                    ],
                    "primary": {
                        "id": "71740f1f-b0c8-45e5-8e5d-348f98d37f21",
                        "attributes": {
                            "access_ip_v4": "10.0.1.3",
                            "access_ip_v6": "",
                            "all_metadata.%": "0",
                            "availability_zone": "nova",
                            "flavor_id": "9109561f-a134-440d-b02b-8f3ff56223ab",
                            "flavor_name": "m1.my",
                            "force_delete": "false",
                            "id": "71740f1f-b0c8-45e5-8e5d-348f98d37f21",
                            "image_id": "82178408-8d8e-417b-915f-e62d732b40f7",
                            "image_name": "CentOS-7-GenericCloud",
                            "key_pair": "demo-keypair",
                            "name": "demo-db-2",
                            "network.#": "1",
                            "network.0.access_network": "false",
                            "network.0.fixed_ip_v4": "10.0.1.3",
                            "network.0.fixed_ip_v6": "",
                            "network.0.floating_ip": "",
                            "network.0.mac": "fa:16:3e:13:93:f3",
                            "network.0.name": "demo-db-net",
                            "network.0.port": "",
                            "network.0.uuid": "443c20f1-f7ae-4629-a08e-0c4aa8b71367",
                            "region": "",
                            "scheduler_hints.#": "1",
                            "scheduler_hints.3612065023.build_near_host_ip": "",
                            "scheduler_hints.3612065023.different_host.#": "0",
                            "scheduler_hints.3612065023.group": "544db797-7639-42dd-ae01-de874fc856b5",
                            "scheduler_hints.3612065023.query.#": "0",
                            "scheduler_hints.3612065023.same_host.#": "0",
                            "scheduler_hints.3612065023.target_cell": "",
                            "security_groups.#": "2",
                            "security_groups.2630755899": "demo-ssh-sg",
                            "security_groups.3130815073": "demo-db-sg",
                            "stop_before_destroy": "false",
                            "user_data": "b3a5425f7ebac5a1b19d0d34418ce0a4f64a7a51"
                        },
                        "meta": {
                            "e2bfb730-ecaa-11e6-8f88-34363bc7c4c0": {
                                "create": 1800000000000,
                                "delete": 1800000000000,
                                "update": 1800000000000
                            }
                        },
                        "tainted": false
                    },
                    "deposed": [],
                    "provider": "provider.openstack"
                },
                "openstack_compute_instance_v2.web_cluster.0": {
                    "type": "openstack_compute_instance_v2",
                    "depends_on": [
                        "openstack_compute_keypair_v2.demo_keypair",
                        "openstack_compute_secgroup_v2.ssh_sg",
                        "openstack_compute_secgroup_v2.web_sg",
                        "openstack_compute_servergroup_v2.web_srvgrp",
                        "openstack_networking_network_v2.web_net"
                    ],
                    "primary": {
                        "id": "8a87ddcd-51ef-42d8-be28-f7b431b1f494",
                        "attributes": {
                            "access_ip_v4": "10.0.0.4",
                            "access_ip_v6": "",
                            "all_metadata.%": "0",
                            "availability_zone": "nova",
                            "flavor_id": "9109561f-a134-440d-b02b-8f3ff56223ab",
                            "flavor_name": "m1.my",
                            "force_delete": "false",
                            "id": "8a87ddcd-51ef-42d8-be28-f7b431b1f494",
                            "image_id": "82178408-8d8e-417b-915f-e62d732b40f7",
                            "image_name": "CentOS-7-GenericCloud",
                            "key_pair": "demo-keypair",
                            "name": "demo-web-1",
                            "network.#": "1",
                            "network.0.access_network": "false",
                            "network.0.fixed_ip_v4": "10.0.0.4",
                            "network.0.fixed_ip_v6": "",
                            "network.0.floating_ip": "",
                            "network.0.mac": "fa:16:3e:8f:27:21",
                            "network.0.name": "demo-web-net",
                            "network.0.port": "",
                            "network.0.uuid": "8e8e4131-25e3-49e2-a60d-9fa4e40d8de0",
                            "region": "",
                            "scheduler_hints.#": "1",
                            "scheduler_hints.2061762846.build_near_host_ip": "",
                            "scheduler_hints.2061762846.different_host.#": "0",
                            "scheduler_hints.2061762846.group": "f4a23bf9-bbe3-40af-931b-ec15bc8d4739",
                            "scheduler_hints.2061762846.query.#": "0",
                            "scheduler_hints.2061762846.same_host.#": "0",
                            "scheduler_hints.2061762846.target_cell": "",
                            "security_groups.#": "2",
                            "security_groups.2269308523": "demo-web-sg",
                            "security_groups.2630755899": "demo-ssh-sg",
                            "stop_before_destroy": "false",
                            "user_data": "b3a5425f7ebac5a1b19d0d34418ce0a4f64a7a51"
                        },
                        "meta": {
                            "e2bfb730-ecaa-11e6-8f88-34363bc7c4c0": {
                                "create": 1800000000000,
                                "delete": 1800000000000,
                                "update": 1800000000000
                            }
                        },
                        "tainted": false
                    },
                    "deposed": [],
                    "provider": "provider.openstack"
                },
                "openstack_compute_instance_v2.web_cluster.1": {
                    "type": "openstack_compute_instance_v2",
                    "depends_on": [
                        "openstack_compute_keypair_v2.demo_keypair",
                        "openstack_compute_secgroup_v2.ssh_sg",
                        "openstack_compute_secgroup_v2.web_sg",
                        "openstack_compute_servergroup_v2.web_srvgrp",
                        "openstack_networking_network_v2.web_net"
                    ],
                    "primary": {
                        "id": "14d9285b-409e-4329-9680-7161a84d53a4",
                        "attributes": {
                            "access_ip_v4": "10.0.0.6",
                            "access_ip_v6": "",
                            "all_metadata.%": "0",
                            "availability_zone": "nova",
                            "flavor_id": "9109561f-a134-440d-b02b-8f3ff56223ab",
                            "flavor_name": "m1.my",
                            "force_delete": "false",
                            "id": "14d9285b-409e-4329-9680-7161a84d53a4",
                            "image_id": "82178408-8d8e-417b-915f-e62d732b40f7",
                            "image_name": "CentOS-7-GenericCloud",
                            "key_pair": "demo-keypair",
                            "name": "demo-web-2",
                            "network.#": "1",
                            "network.0.access_network": "false",
                            "network.0.fixed_ip_v4": "10.0.0.6",
                            "network.0.fixed_ip_v6": "",
                            "network.0.floating_ip": "",
                            "network.0.mac": "fa:16:3e:7d:ee:23",
                            "network.0.name": "demo-web-net",
                            "network.0.port": "",
                            "network.0.uuid": "8e8e4131-25e3-49e2-a60d-9fa4e40d8de0",
                            "region": "",
                            "scheduler_hints.#": "1",
                            "scheduler_hints.2061762846.build_near_host_ip": "",
                            "scheduler_hints.2061762846.different_host.#": "0",
                            "scheduler_hints.2061762846.group": "f4a23bf9-bbe3-40af-931b-ec15bc8d4739",
                            "scheduler_hints.2061762846.query.#": "0",
                            "scheduler_hints.2061762846.same_host.#": "0",
                            "scheduler_hints.2061762846.target_cell": "",
                            "security_groups.#": "2",
                            "security_groups.2269308523": "demo-web-sg",
                            "security_groups.2630755899": "demo-ssh-sg",
                            "stop_before_destroy": "false",
                            "user_data": "b3a5425f7ebac5a1b19d0d34418ce0a4f64a7a51"
                        },
                        "meta": {
                            "e2bfb730-ecaa-11e6-8f88-34363bc7c4c0": {
                                "create": 1800000000000,
                                "delete": 1800000000000,
                                "update": 1800000000000
                            }
                        },
                        "tainted": false
                    },
                    "deposed": [],
                    "provider": "provider.openstack"
                },
                "openstack_compute_keypair_v2.demo_keypair": {
                    "type": "openstack_compute_keypair_v2",
                    "depends_on": [],
                    "primary": {
                        "id": "demo-keypair",
                        "attributes": {
                            "id": "demo-keypair",
                            "name": "demo-keypair",
                            "public_key": "ssh-rsa AAAAB3NzaC1yc2EAAAADAQABAAABAQDgdNnszcM6+PW68c2mXRR1yZ3X98Sx3Zd0cINcOdXe0Sy+uAbwDVImDAqDGmTRkH4d3ZkIpIHg1O93w7pFWSZ1sh3tF06iDyE4jL9KDj1K1AF4FZTzDSfMJ13cd08l1anpPP1sWaYJbvTYApxqwh7eu357MAqFvunCJQCp89km95Ylkx92/dJZbkG38xjeVCdmhucJpGnD0p2sqVtLL5sog60EwV97ljDyXJoDIabqmYSjavTJuZwuh8sCXDe1ifg9kdW9omhGEdD9qdW3UD8aOrPkEisiwTeOBcd1sIRcOPtfpwU96MYdhYfebFn1RIp17+z7Ew8aCmoq9QdrXOLH root@controller-node.taining.local\n",
                            "region": ""
                        },
                        "meta": {},
                        "tainted": false
                    },
                    "deposed": [],
                    "provider": "provider.openstack"
                },
                "openstack_compute_secgroup_v2.db_sg": {
                    "type": "openstack_compute_secgroup_v2",
                    "depends_on": [
                        "openstack_networking_subnet_v2.web_subnet"
                    ],
                    "primary": {
                        "id": "b287c3ce-593c-4f47-a1c2-a3396244f2b7",
                        "attributes": {
                            "description": "db security group",
                            "id": "b287c3ce-593c-4f47-a1c2-a3396244f2b7",
                            "name": "demo-db-sg",
                            "region": "",
                            "rule.#": "1",
                            "rule.2093249275.cidr": "10.0.0.0/24",
                            "rule.2093249275.from_group_id": "",
                            "rule.2093249275.from_port": "3306",
                            "rule.2093249275.id": "ffd161d9-7796-423d-be7f-713cf269a5a9",
                            "rule.2093249275.ip_protocol": "tcp",
                            "rule.2093249275.self": "false",
                            "rule.2093249275.to_port": "3306"
                        },
                        "meta": {
                            "e2bfb730-ecaa-11e6-8f88-34363bc7c4c0": {
                                "delete": 600000000000
                            }
                        },
                        "tainted": false
                    },
                    "deposed": [],
                    "provider": "provider.openstack"
                },
                "openstack_compute_secgroup_v2.ssh_sg": {
                    "type": "openstack_compute_secgroup_v2",
                    "depends_on": [],
                    "primary": {
                        "id": "31ba7f85-09fd-4482-b9da-927e337b32a9",
                        "attributes": {
                            "description": "ssh security group",
                            "id": "31ba7f85-09fd-4482-b9da-927e337b32a9",
                            "name": "demo-ssh-sg",
                            "region": "",
                            "rule.#": "1",
                            "rule.836640770.cidr": "0.0.0.0/0",
                            "rule.836640770.from_group_id": "",
                            "rule.836640770.from_port": "22",
                            "rule.836640770.id": "1ea6ddd4-e9b5-4f2a-bca5-f58bc1a00a16",
                            "rule.836640770.ip_protocol": "tcp",
                            "rule.836640770.self": "false",
                            "rule.836640770.to_port": "22"
                        },
                        "meta": {
                            "e2bfb730-ecaa-11e6-8f88-34363bc7c4c0": {
                                "delete": 600000000000
                            }
                        },
                        "tainted": false
                    },
                    "deposed": [],
                    "provider": "provider.openstack"
                },
                "openstack_compute_secgroup_v2.web_sg": {
                    "type": "openstack_compute_secgroup_v2",
                    "depends_on": [],
                    "primary": {
                        "id": "22361240-4a42-4934-843f-8aeb843ab755",
                        "attributes": {
                            "description": "web security group",
                            "id": "22361240-4a42-4934-843f-8aeb843ab755",
                            "name": "demo-web-sg",
                            "region": "",
                            "rule.#": "3",
                            "rule.2180185248.cidr": "0.0.0.0/0",
                            "rule.2180185248.from_group_id": "",
                            "rule.2180185248.from_port": "-1",
                            "rule.2180185248.id": "67f2b870-fba7-487f-8e95-bcd0a9f5cbcd",
                            "rule.2180185248.ip_protocol": "icmp",
                            "rule.2180185248.self": "false",
                            "rule.2180185248.to_port": "-1",
                            "rule.3211544828.cidr": "0.0.0.0/0",
                            "rule.3211544828.from_group_id": "",
                            "rule.3211544828.from_port": "443",
                            "rule.3211544828.id": "b996b278-9cdd-4d3d-bc98-eb7a0f0f093d",
                            "rule.3211544828.ip_protocol": "tcp",
                            "rule.3211544828.self": "false",
                            "rule.3211544828.to_port": "443",
                            "rule.3719211069.cidr": "0.0.0.0/0",
                            "rule.3719211069.from_group_id": "",
                            "rule.3719211069.from_port": "80",
                            "rule.3719211069.id": "090ab129-998f-4cba-98d1-fe51ebe7cb67",
                            "rule.3719211069.ip_protocol": "tcp",
                            "rule.3719211069.self": "false",
                            "rule.3719211069.to_port": "80"
                        },
                        "meta": {
                            "e2bfb730-ecaa-11e6-8f88-34363bc7c4c0": {
                                "delete": 600000000000
                            }
                        },
                        "tainted": false
                    },
                    "deposed": [],
                    "provider": "provider.openstack"
                },
                "openstack_compute_servergroup_v2.db_srvgrp": {
                    "type": "openstack_compute_servergroup_v2",
                    "depends_on": [],
                    "primary": {
                        "id": "544db797-7639-42dd-ae01-de874fc856b5",
                        "attributes": {
                            "id": "544db797-7639-42dd-ae01-de874fc856b5",
                            "members.#": "0",
                            "name": "demo-db-srvgrp",
                            "policies.#": "1",
                            "policies.0": "affinity",
                            "region": ""
                        },
                        "meta": {},
                        "tainted": false
                    },
                    "deposed": [],
                    "provider": "provider.openstack"
                },
                "openstack_compute_servergroup_v2.web_srvgrp": {
                    "type": "openstack_compute_servergroup_v2",
                    "depends_on": [],
                    "primary": {
                        "id": "f4a23bf9-bbe3-40af-931b-ec15bc8d4739",
                        "attributes": {
                            "id": "f4a23bf9-bbe3-40af-931b-ec15bc8d4739",
                            "members.#": "0",
                            "name": "demo-web-srvgrp",
                            "policies.#": "1",
                            "policies.0": "affinity",
                            "region": ""
                        },
                        "meta": {},
                        "tainted": false
                    },
                    "deposed": [],
                    "provider": "provider.openstack"
                },
                "openstack_networking_network_v2.db_net": {
                    "type": "openstack_networking_network_v2",
                    "depends_on": [],
                    "primary": {
                        "id": "443c20f1-f7ae-4629-a08e-0c4aa8b71367",
                        "attributes": {
                            "admin_state_up": "true",
                            "id": "443c20f1-f7ae-4629-a08e-0c4aa8b71367",
                            "name": "demo-db-net",
                            "region": "",
                            "shared": "false",
                            "tenant_id": "c345f80abd2b462a9a3d98a1081c44e4"
                        },
                        "meta": {
                            "e2bfb730-ecaa-11e6-8f88-34363bc7c4c0": {
                                "create": 600000000000,
                                "delete": 600000000000
                            }
                        },
                        "tainted": false
                    },
                    "deposed": [],
                    "provider": "provider.openstack"
                },
                "openstack_networking_network_v2.web_net": {
                    "type": "openstack_networking_network_v2",
                    "depends_on": [],
                    "primary": {
                        "id": "8e8e4131-25e3-49e2-a60d-9fa4e40d8de0",
                        "attributes": {
                            "admin_state_up": "true",
                            "id": "8e8e4131-25e3-49e2-a60d-9fa4e40d8de0",
                            "name": "demo-web-net",
                            "region": "",
                            "shared": "false",
                            "tenant_id": "c345f80abd2b462a9a3d98a1081c44e4"
                        },
                        "meta": {
                            "e2bfb730-ecaa-11e6-8f88-34363bc7c4c0": {
                                "create": 600000000000,
                                "delete": 600000000000
                            }
                        },
                        "tainted": false
                    },
                    "deposed": [],
                    "provider": "provider.openstack"
                },
                "openstack_networking_router_interface_v2.db-ext-interface": {
                    "type": "openstack_networking_router_interface_v2",
                    "depends_on": [
                        "openstack_networking_router_v2.router",
                        "openstack_networking_subnet_v2.db_subnet"
                    ],
                    "primary": {
                        "id": "6686572a-74d0-486a-9b69-2dfabd9bc20f",
                        "attributes": {
                            "id": "6686572a-74d0-486a-9b69-2dfabd9bc20f",
                            "port_id": "6686572a-74d0-486a-9b69-2dfabd9bc20f",
                            "region": "",
                            "router_id": "ca5be002-ee80-4991-aa43-95137dc4c9a1",
                            "subnet_id": "abfe17c9-da89-4f58-9fe1-2b0974db132b"
                        },
                        "meta": {
                            "e2bfb730-ecaa-11e6-8f88-34363bc7c4c0": {
                                "create": 600000000000,
                                "delete": 600000000000
                            }
                        },
                        "tainted": false
                    },
                    "deposed": [],
                    "provider": "provider.openstack"
                },
                "openstack_networking_router_interface_v2.web-ext-interface": {
                    "type": "openstack_networking_router_interface_v2",
                    "depends_on": [
                        "openstack_networking_router_v2.router",
                        "openstack_networking_subnet_v2.web_subnet"
                    ],
                    "primary": {
                        "id": "069fbdf4-c34b-4219-89c6-fc037fa88cd8",
                        "attributes": {
                            "id": "069fbdf4-c34b-4219-89c6-fc037fa88cd8",
                            "port_id": "069fbdf4-c34b-4219-89c6-fc037fa88cd8",
                            "region": "",
                            "router_id": "ca5be002-ee80-4991-aa43-95137dc4c9a1",
                            "subnet_id": "49f2c012-36b6-4684-ad1a-f8d6fd986385"
                        },
                        "meta": {
                            "e2bfb730-ecaa-11e6-8f88-34363bc7c4c0": {
                                "create": 600000000000,
                                "delete": 600000000000
                            }
                        },
                        "tainted": false
                    },
                    "deposed": [],
                    "provider": "provider.openstack"
                },
                "openstack_networking_router_v2.router": {
                    "type": "openstack_networking_router_v2",
                    "depends_on": [],
                    "primary": {
                        "id": "ca5be002-ee80-4991-aa43-95137dc4c9a1",
                        "attributes": {
                            "admin_state_up": "true",
                            "distributed": "false",
                            "enable_snat": "true",
                            "external_gateway": "ba487cf2-8b3e-4b92-b4af-4117b151c8b0",
                            "id": "ca5be002-ee80-4991-aa43-95137dc4c9a1",
                            "name": "router1",
                            "region": "",
                            "tenant_id": "c345f80abd2b462a9a3d98a1081c44e4"
                        },
                        "meta": {
                            "e2bfb730-ecaa-11e6-8f88-34363bc7c4c0": {
                                "create": 600000000000,
                                "delete": 600000000000
                            }
                        },
                        "tainted": false
                    },
                    "deposed": [],
                    "provider": "provider.openstack"
                },
                "openstack_networking_subnet_v2.db_subnet": {
                    "type": "openstack_networking_subnet_v2",
                    "depends_on": [
                        "openstack_networking_network_v2.db_net"
                    ],
                    "primary": {
                        "id": "abfe17c9-da89-4f58-9fe1-2b0974db132b",
                        "attributes": {
                            "allocation_pools.#": "1",
                            "allocation_pools.0.end": "10.0.1.254",
                            "allocation_pools.0.start": "10.0.1.2",
                            "cidr": "10.0.1.0/24",
                            "dns_nameservers.#": "2",
                            "dns_nameservers.3811298194": "8.8.4.4",
                            "dns_nameservers.3817307869": "8.8.8.8",
                            "enable_dhcp": "true",
                            "gateway_ip": "10.0.1.1",
                            "host_routes.#": "0",
                            "id": "abfe17c9-da89-4f58-9fe1-2b0974db132b",
                            "ip_version": "4",
                            "name": "demo-db-subnet",
                            "network_id": "443c20f1-f7ae-4629-a08e-0c4aa8b71367",
                            "no_gateway": "false",
                            "region": "",
                            "tenant_id": "c345f80abd2b462a9a3d98a1081c44e4"
                        },
                        "meta": {
                            "e2bfb730-ecaa-11e6-8f88-34363bc7c4c0": {
                                "create": 600000000000,
                                "delete": 600000000000
                            }
                        },
                        "tainted": false
                    },
                    "deposed": [],
                    "provider": "provider.openstack"
                },
                "openstack_networking_subnet_v2.web_subnet": {
                    "type": "openstack_networking_subnet_v2",
                    "depends_on": [
                        "openstack_networking_network_v2.web_net"
                    ],
                    "primary": {
                        "id": "49f2c012-36b6-4684-ad1a-f8d6fd986385",
                        "attributes": {
                            "allocation_pools.#": "1",
                            "allocation_pools.0.end": "10.0.0.254",
                            "allocation_pools.0.start": "10.0.0.2",
                            "cidr": "10.0.0.0/24",
                            "dns_nameservers.#": "2",
                            "dns_nameservers.3811298194": "8.8.4.4",
                            "dns_nameservers.3817307869": "8.8.8.8",
                            "enable_dhcp": "true",
                            "gateway_ip": "10.0.0.1",
                            "host_routes.#": "0",
                            "id": "49f2c012-36b6-4684-ad1a-f8d6fd986385",
                            "ip_version": "4",
                            "name": "demo-web-subnet",
                            "network_id": "8e8e4131-25e3-49e2-a60d-9fa4e40d8de0",
                            "no_gateway": "false",
                            "region": "",
                            "tenant_id": "c345f80abd2b462a9a3d98a1081c44e4"
                        },
                        "meta": {
                            "e2bfb730-ecaa-11e6-8f88-34363bc7c4c0": {
                                "create": 600000000000,
                                "delete": 600000000000
                            }
                        },
                        "tainted": false
                    },
                    "deposed": [],
                    "provider": "provider.openstack"
                }
            },
            "depends_on": []
        }
    ]
}
